
Microsoft Visual Studio Solution File, Format Version 12.00
# Visual Studio Version 17
VisualStudioVersion = 17.9.34728.123
MinimumVisualStudioVersion = 10.0.40219.1
Project("{FAE04EC0-301F-11D3-BF4B-00C04F79EFBC}") = "HitPlay", "HitPlay.csproj", "{659A2618-A6D6-4EFF-93B7-41781A6C3904}"
EndProject
Global
	GlobalSection(SolutionConfigurationPlatforms) = preSolution
		Debug|Any CPU = Debug|Any CPU
		Release|Any CPU = Release|Any CPU
	EndGlobalSection
	GlobalSection(ProjectConfigurationPlatforms) = postSolution
		{659A2618-A6D6-4EFF-93B7-41781A6C3904}.Debug|Any CPU.ActiveCfg = Debug|Any CPU
		{659A2618-A6D6-4EFF-93B7-41781A6C3904}.Debug|Any CPU.Build.0 = Debug|Any CPU
		{659A2618-A6D6-4EFF-93B7-41781A6C3904}.Release|Any CPU.ActiveCfg = Release|Any CPU
		{659A2618-A6D6-4EFF-93B7-41781A6C3904}.Release|Any CPU.Build.0 = Release|Any CPU
	EndGlobalSection
	GlobalSection(SolutionProperties) = preSolution
		HideSolutionNode = FALSE
	EndGlobalSection
	GlobalSection(ExtensibilityGlobals) = postSolution
		SolutionGuid = {C5B0E2C3-4364-4786-AE63-898F7C9BD0BF}
	EndGlobalSection
EndGlobal
